{
    "_meta": {
        "hash": {
            "sha256": "ef013292d3474ae32278c69c09ba30ff0fcc6212a61f6c2c2b2144c65b4803d8"
        },
        "pipfile-spec": 6,
        "requires": {
            "python_version": "3.7"
        },
        "sources": [
            {
                "name": "pypi",
                "url": "https://pypi.org/simple",
                "verify_ssl": true
            }
        ]
    },
    "default": {
        "lutils": {
            "hashes": [
                "sha256:a66898ad89a0beac27f9530c6ede955afd8fd7d670f86bf9daee65e9c33a3cf2",
                "sha256:d273e9e8e62ca5455d78a6a7f68a59943c208056f97073aef79bd106b0b8e151"
            ],
            "index": "pypi",
            "version": "==0.9"
        }
    },
    "develop": {}
}
