{
    "_meta": {
        "hash": {
            "sha256": "a81ba9171e29400b413d8ad31228bdd93470ac3edf118932f29e294163b24589"
        },
        "pipfile-spec": 6,
        "requires": {
            "python_version": "3.4"
        },
        "sources": [
            {
                "name": "pypi",
                "url": "https://pypi.org/simple",
                "verify_ssl": true
            }
        ]
    },
    "default": {
        "et-xmlfile": {
            "hashes": [
                "sha256:614d9722d572f6246302c4491846d2c393c199cfa4edc9af593437691683335b"
            ],
            "version": "==1.0.1"
        },
        "jdcal": {
            "hashes": [
                "sha256:948fb8d079e63b4be7a69dd5f0cd618a0a57e80753de8248fd786a8a20658a07",
                "sha256:ea0a5067c5f0f50ad4c7bdc80abad3d976604f6fb026b0b3a17a9d84bb9046c9"
            ],
            "version": "==1.4"
        },
        "openpyxl": {
            "hashes": [
                "sha256:a5285901fff7b99a011462f18506a4fbfe4055191149ff42f59345828f8cf7b2"
            ],
            "index": "pypi",
            "version": "==2.5.14"
        }
    },
    "develop": {}
}
